
Microsoft Visual Studio Solution File, Format Version 12.00
# Visual Studio Version 17
VisualStudioVersion = 17.12.35323.107
MinimumVisualStudioVersion = 10.0.40219.1
Project("{FAE04EC0-301F-11D3-BF4B-00C04F79EFBC}") = "FNA", "FNA\FNA.csproj", "{35253CE1-C864-4CD3-8249-4D1319748E8F}"
EndProject
Project("{FAE04EC0-301F-11D3-BF4B-00C04F79EFBC}") = "WTRedux", "WTRedux\WTRedux.csproj", "{734FA36F-0AB2-4FC0-81F7-AE2E6F6F53B0}"
EndProject
Project("{2150E333-8FDC-42A3-9474-1A3956D46DE8}") = "Solution Items", "Solution Items", "{1BB27A18-2199-4442-BB18-8158B530FFF1}"
	ProjectSection(SolutionItems) = preProject
		.editorconfig = .editorconfig
		.githooks\post-checkout = .githooks\post-checkout
	EndProjectSection
EndProject
Project("{FAE04EC0-301F-11D3-BF4B-00C04F79EFBC}") = "PhysFS.NET", "PhysFS.NET\PhysFS.NET\PhysFS.NET.csproj", "{C10D42AB-CFCA-08DE-0AE8-A77D92243353}"
EndProject
Project("{8BC9CEB8-8B4A-11D0-8D11-00A0C91BC942}") = "physfs", "PhysFS.NET\physfs\build\physfs.vcxproj", "{1762B394-4ADE-3F66-BA8D-7D0E9679A5F4}"
EndProject
Project("{FAE04EC0-301F-11D3-BF4B-00C04F79EFBC}") = "spine-fna", "spine-fna\spine-fna.csproj", "{72EEE212-A7BE-49DA-9C49-F854B2A160BC}"
EndProject
Global
	GlobalSection(SolutionConfigurationPlatforms) = preSolution
		Debug|x64 = Debug|x64
		Release|x64 = Release|x64
	EndGlobalSection
	GlobalSection(ProjectConfigurationPlatforms) = postSolution
		{35253CE1-C864-4CD3-8249-4D1319748E8F}.Debug|x64.ActiveCfg = Debug|x64
		{35253CE1-C864-4CD3-8249-4D1319748E8F}.Debug|x64.Build.0 = Debug|x64
		{35253CE1-C864-4CD3-8249-4D1319748E8F}.Release|x64.ActiveCfg = Release|x64
		{35253CE1-C864-4CD3-8249-4D1319748E8F}.Release|x64.Build.0 = Release|x64
		{734FA36F-0AB2-4FC0-81F7-AE2E6F6F53B0}.Debug|x64.ActiveCfg = Debug|x64
		{734FA36F-0AB2-4FC0-81F7-AE2E6F6F53B0}.Debug|x64.Build.0 = Debug|x64
		{734FA36F-0AB2-4FC0-81F7-AE2E6F6F53B0}.Release|x64.ActiveCfg = Release|x64
		{734FA36F-0AB2-4FC0-81F7-AE2E6F6F53B0}.Release|x64.Build.0 = Release|x64
		{C10D42AB-CFCA-08DE-0AE8-A77D92243353}.Debug|x64.ActiveCfg = Debug|x64
		{C10D42AB-CFCA-08DE-0AE8-A77D92243353}.Debug|x64.Build.0 = Debug|x64
		{C10D42AB-CFCA-08DE-0AE8-A77D92243353}.Release|x64.ActiveCfg = Release|x64
		{C10D42AB-CFCA-08DE-0AE8-A77D92243353}.Release|x64.Build.0 = Release|x64
		{1762B394-4ADE-3F66-BA8D-7D0E9679A5F4}.Debug|x64.ActiveCfg = Debug|x64
		{1762B394-4ADE-3F66-BA8D-7D0E9679A5F4}.Debug|x64.Build.0 = Debug|x64
		{1762B394-4ADE-3F66-BA8D-7D0E9679A5F4}.Release|x64.ActiveCfg = Release|x64
		{1762B394-4ADE-3F66-BA8D-7D0E9679A5F4}.Release|x64.Build.0 = Release|x64
		{72EEE212-A7BE-49DA-9C49-F854B2A160BC}.Debug|x64.ActiveCfg = Debug|Any CPU
		{72EEE212-A7BE-49DA-9C49-F854B2A160BC}.Debug|x64.Build.0 = Debug|Any CPU
		{72EEE212-A7BE-49DA-9C49-F854B2A160BC}.Release|x64.ActiveCfg = Release|Any CPU
		{72EEE212-A7BE-49DA-9C49-F854B2A160BC}.Release|x64.Build.0 = Release|Any CPU
	EndGlobalSection
	GlobalSection(SolutionProperties) = preSolution
		HideSolutionNode = FALSE
	EndGlobalSection
	GlobalSection(ExtensibilityGlobals) = postSolution
		SolutionGuid = {158BBA58-5AA6-4A86-AA5B-022B4593A156}
	EndGlobalSection
	GlobalSection(MonoDevelopProperties) = preSolution
		StartupItem = FNA.csproj
	EndGlobalSection
EndGlobal
