
Microsoft Visual Studio Solution File, Format Version 12.00
# Visual Studio Version 17
VisualStudioVersion = 17.12.35323.107
MinimumVisualStudioVersion = 10.0.40219.1
Project("{FAE04EC0-301F-11D3-BF4B-00C04F79EFBC}") = "FNA", "FNA\FNA.csproj", "{35253CE1-C864-4CD3-8249-4D1319748E8F}"
EndProject
Project("{FAE04EC0-301F-11D3-BF4B-00C04F79EFBC}") = "WTRedux", "WTRedux\WTRedux.csproj", "{734FA36F-0AB2-4FC0-81F7-AE2E6F6F53B0}"
EndProject
Project("{2150E333-8FDC-42A3-9474-1A3956D46DE8}") = "Solution Items", "Solution Items", "{1BB27A18-2199-4442-BB18-8158B530FFF1}"
	ProjectSection(SolutionItems) = preProject
		.editorconfig = .editorconfig
		.githooks\post-checkout = .githooks\post-checkout
	EndProjectSection
EndProject
Project("{FAE04EC0-301F-11D3-BF4B-00C04F79EFBC}") = "PhysFS.NET", "..\PhysFS.NET\PhysFS.NET\PhysFS.NET.csproj", "{32124DE3-CDCA-4CA9-842C-9018FE991493}"
EndProject
Global
	GlobalSection(SolutionConfigurationPlatforms) = preSolution
		Debug|x64 = Debug|x64
		Release|x64 = Release|x64
	EndGlobalSection
	GlobalSection(ProjectConfigurationPlatforms) = postSolution
		{35253CE1-C864-4CD3-8249-4D1319748E8F}.Debug|x64.ActiveCfg = Debug|x64
		{35253CE1-C864-4CD3-8249-4D1319748E8F}.Debug|x64.Build.0 = Debug|x64
		{35253CE1-C864-4CD3-8249-4D1319748E8F}.Release|x64.ActiveCfg = Release|x64
		{35253CE1-C864-4CD3-8249-4D1319748E8F}.Release|x64.Build.0 = Release|x64
		{734FA36F-0AB2-4FC0-81F7-AE2E6F6F53B0}.Debug|x64.ActiveCfg = Debug|x64
		{734FA36F-0AB2-4FC0-81F7-AE2E6F6F53B0}.Debug|x64.Build.0 = Debug|x64
		{734FA36F-0AB2-4FC0-81F7-AE2E6F6F53B0}.Release|x64.ActiveCfg = Release|x64
		{734FA36F-0AB2-4FC0-81F7-AE2E6F6F53B0}.Release|x64.Build.0 = Release|x64
		{32124DE3-CDCA-4CA9-842C-9018FE991493}.Debug|x64.ActiveCfg = Debug|x64
		{32124DE3-CDCA-4CA9-842C-9018FE991493}.Debug|x64.Build.0 = Debug|x64
		{32124DE3-CDCA-4CA9-842C-9018FE991493}.Release|x64.ActiveCfg = Release|x64
		{32124DE3-CDCA-4CA9-842C-9018FE991493}.Release|x64.Build.0 = Release|x64
	EndGlobalSection
	GlobalSection(SolutionProperties) = preSolution
		HideSolutionNode = FALSE
	EndGlobalSection
	GlobalSection(ExtensibilityGlobals) = postSolution
		SolutionGuid = {158BBA58-5AA6-4A86-AA5B-022B4593A156}
	EndGlobalSection
	GlobalSection(MonoDevelopProperties) = preSolution
		StartupItem = FNA.csproj
	EndGlobalSection
EndGlobal
